github.com/corollari/neo-transaction-watcher v0.0.0-20200102135720-87b4c5612df5 h1:ph8icG6rp1QRVHJNccY3ifrZInSu5WGAPxOEPzBRtwY=
github.com/corollari/neo-transaction-watcher v0.0.0-20200102135720-87b4c5612df5/go.mod h1:lmBKGrRET6p35K/vSU7OSOu9vquWVnD+2Ee3Sq96Ziw=
github.com/gorilla/websocket v1.4.1 h1:q7AeDBpnBk8AogcD4DSag/Ukw/KV+YhzLj2bP5HvKCM=
github.com/gorilla/websocket v1.4.1/go.mod h1:YR8l580nyteQvAITg2hZ9XVh4b55+EU/adAjf1fMHhE=
